// !$*UTF8*$!
{
	archiveVersion = 1;
	classes = {
	};
	objectVersion = 50;
	objects = {

/* Begin PBXBuildFile section */
		F6EFB433268E01B700586E88 /* AppDelegate.swift in Sources */ = {isa = PBXBuildFile; fileRef = F6EFB432268E01B700586E88 /* AppDelegate.swift */; };
		F6EFB435268E01B700586E88 /* SceneDelegate.swift in Sources */ = {isa = PBXBuildFile; fileRef = F6EFB434268E01B700586E88 /* SceneDelegate.swift */; };
		F6EFB437268E01B700586E88 /* CardViewController.swift in Sources */ = {isa = PBXBuildFile; fileRef = F6EFB436268E01B700586E88 /* CardViewController.swift */; };
		F6EFB43A268E01B700586E88 /* Main.storyboard in Resources */ = {isa = PBXBuildFile; fileRef = F6EFB438268E01B700586E88 /* Main.storyboard */; };
		F6EFB43C268E01C000586E88 /* Assets.xcassets in Resources */ = {isa = PBXBuildFile; fileRef = F6EFB43B268E01C000586E88 /* Assets.xcassets */; };
		F6EFB43F268E01C000586E88 /* LaunchScreen.storyboard in Resources */ = {isa = PBXBuildFile; fileRef = F6EFB43D268E01C000586E88 /* LaunchScreen.storyboard */; };
		F6EFB447268E020B00586E88 /* CardView.swift in Sources */ = {isa = PBXBuildFile; fileRef = F6EFB446268E020B00586E88 /* CardView.swift */; };
		F6EFB449268E232B00586E88 /* CardModel.swift in Sources */ = {isa = PBXBuildFile; fileRef = F6EFB448268E232B00586E88 /* CardModel.swift */; };
		F6EFB44B268E486400586E88 /* Card.swift in Sources */ = {isa = PBXBuildFile; fileRef = F6EFB44A268E486400586E88 /* Card.swift */; };
/* End PBXBuildFile section */

/* Begin PBXFileReference section */
		F6EFB42F268E01B700586E88 /* ConMind.app */ = {isa = PBXFileReference; explicitFileType = wrapper.application; includeInIndex = 0; path = ConMind.app; sourceTree = BUILT_PRODUCTS_DIR; };
		F6EFB432268E01B700586E88 /* AppDelegate.swift */ = {isa = PBXFileReference; lastKnownFileType = sourcecode.swift; path = AppDelegate.swift; sourceTree = "<group>"; };
		F6EFB434268E01B700586E88 /* SceneDelegate.swift */ = {isa = PBXFileReference; lastKnownFileType = sourcecode.swift; path = SceneDelegate.swift; sourceTree = "<group>"; };
		F6EFB436268E01B700586E88 /* CardViewController.swift */ = {isa = PBXFileReference; lastKnownFileType = sourcecode.swift; path = CardViewController.swift; sourceTree = "<group>"; };
		F6EFB439268E01B700586E88 /* Base */ = {isa = PBXFileReference; lastKnownFileType = file.storyboard; name = Base; path = Base.lproj/Main.storyboard; sourceTree = "<group>"; };
		F6EFB43B268E01C000586E88 /* Assets.xcassets */ = {isa = PBXFileReference; lastKnownFileType = folder.assetcatalog; path = Assets.xcassets; sourceTree = "<group>"; };
		F6EFB43E268E01C000586E88 /* Base */ = {isa = PBXFileReference; lastKnownFileType = file.storyboard; name = Base; path = Base.lproj/LaunchScreen.storyboard; sourceTree = "<group>"; };
		F6EFB440268E01C000586E88 /* Info.plist */ = {isa = PBXFileReference; lastKnownFileType = text.plist.xml; path = Info.plist; sourceTree = "<group>"; };
		F6EFB446268E020B00586E88 /* CardView.swift */ = {isa = PBXFileReference; lastKnownFileType = sourcecode.swift; path = CardView.swift; sourceTree = "<group>"; };
		F6EFB448268E232B00586E88 /* CardModel.swift */ = {isa = PBXFileReference; lastKnownFileType = sourcecode.swift; path = CardModel.swift; sourceTree = "<group>"; };
		F6EFB44A268E486400586E88 /* Card.swift */ = {isa = PBXFileReference; lastKnownFileType = sourcecode.swift; path = Card.swift; sourceTree = "<group>"; };
/* End PBXFileReference section */

/* Begin PBXFrameworksBuildPhase section */
		F6EFB42C268E01B700586E88 /* Frameworks */ = {
			isa = PBXFrameworksBuildPhase;
			buildActionMask = 2147483647;
			files = (
			);
			runOnlyForDeploymentPostprocessing = 0;
		};
/* End PBXFrameworksBuildPhase section */

/* Begin PBXGroup section */
		F6EFB426268E01B700586E88 = {
			isa = PBXGroup;
			children = (
				F6EFB431268E01B700586E88 /* ConMind */,
				F6EFB430268E01B700586E88 /* Products */,
			);
			sourceTree = "<group>";
		};
		F6EFB430268E01B700586E88 /* Products */ = {
			isa = PBXGroup;
			children = (
				F6EFB42F268E01B700586E88 /* ConMind.app */,
			);
			name = Products;
			sourceTree = "<group>";
		};
		F6EFB431268E01B700586E88 /* ConMind */ = {
			isa = PBXGroup;
			children = (
				F6EFB432268E01B700586E88 /* AppDelegate.swift */,
				F6EFB434268E01B700586E88 /* SceneDelegate.swift */,
				F6EFB436268E01B700586E88 /* CardViewController.swift */,
				F6EFB446268E020B00586E88 /* CardView.swift */,
				F6EFB448268E232B00586E88 /* CardModel.swift */,
				F6EFB44A268E486400586E88 /* Card.swift */,
				F6EFB438268E01B700586E88 /* Main.storyboard */,
				F6EFB43B268E01C000586E88 /* Assets.xcassets */,
				F6EFB43D268E01C000586E88 /* LaunchScreen.storyboard */,
				F6EFB440268E01C000586E88 /* Info.plist */,
			);
			path = ConMind;
			sourceTree = "<group>";
		};
/* End PBXGroup section */

/* Begin PBXNativeTarget section */
		F6EFB42E268E01B700586E88 /* ConMind */ = {
			isa = PBXNativeTarget;
			buildConfigurationList = F6EFB443268E01C000586E88 /* Build configuration list for PBXNativeTarget "ConMind" */;
			buildPhases = (
				F6EFB42B268E01B700586E88 /* Sources */,
				F6EFB42C268E01B700586E88 /* Frameworks */,
				F6EFB42D268E01B700586E88 /* Resources */,
			);
			buildRules = (
			);
			dependencies = (
			);
			name = ConMind;
			productName = ConMind;
			productReference = F6EFB42F268E01B700586E88 /* ConMind.app */;
			productType = "com.apple.product-type.application";
		};
/* End PBXNativeTarget section */

/* Begin PBXProject section */
		F6EFB427268E01B700586E88 /* Project object */ = {
			isa = PBXProject;
			attributes = {
				LastSwiftUpdateCheck = 1140;
				LastUpgradeCheck = 1140;
				ORGANIZATIONNAME = "X INC.";
				TargetAttributes = {
					F6EFB42E268E01B700586E88 = {
						CreatedOnToolsVersion = 11.4;
					};
				};
			};
			buildConfigurationList = F6EFB42A268E01B700586E88 /* Build configuration list for PBXProject "ConMind" */;
			compatibilityVersion = "Xcode 9.3";
			developmentRegion = en;
			hasScannedForEncodings = 0;
			knownRegions = (
				en,
				Base,
			);
			mainGroup = F6EFB426268E01B700586E88;
			productRefGroup = F6EFB430268E01B700586E88 /* Products */;
			projectDirPath = "";
			projectRoot = "";
			targets = (
				F6EFB42E268E01B700586E88 /* ConMind */,
			);
		};
/* End PBXProject section */

/* Begin PBXResourcesBuildPhase section */
		F6EFB42D268E01B700586E88 /* Resources */ = {
			isa = PBXResourcesBuildPhase;
			buildActionMask = 2147483647;
			files = (
				F6EFB43F268E01C000586E88 /* LaunchScreen.storyboard in Resources */,
				F6EFB43C268E01C000586E88 /* Assets.xcassets in Resources */,
				F6EFB43A268E01B700586E88 /* Main.storyboard in Resources */,
			);
			runOnlyForDeploymentPostprocessing = 0;
		};
/* End PBXResourcesBuildPhase section */

/* Begin PBXSourcesBuildPhase section */
		F6EFB42B268E01B700586E88 /* Sources */ = {
			isa = PBXSourcesBuildPhase;
			buildActionMask = 2147483647;
			files = (
				F6EFB437268E01B700586E88 /* CardViewController.swift in Sources */,
				F6EFB44B268E486400586E88 /* Card.swift in Sources */,
				F6EFB433268E01B700586E88 /* AppDelegate.swift in Sources */,
				F6EFB447268E020B00586E88 /* CardView.swift in Sources */,
				F6EFB435268E01B700586E88 /* SceneDelegate.swift in Sources */,
				F6EFB449268E232B00586E88 /* CardModel.swift in Sources */,
			);
			runOnlyForDeploymentPostprocessing = 0;
		};
/* End PBXSourcesBuildPhase section */

/* Begin PBXVariantGroup section */
		F6EFB438268E01B700586E88 /* Main.storyboard */ = {
			isa = PBXVariantGroup;
			children = (
				F6EFB439268E01B700586E88 /* Base */,
			);
			name = Main.storyboard;
			sourceTree = "<group>";
		};
		F6EFB43D268E01C000586E88 /* LaunchScreen.storyboard */ = {
			isa = PBXVariantGroup;
			children = (
				F6EFB43E268E01C000586E88 /* Base */,
			);
			name = LaunchScreen.storyboard;
			sourceTree = "<group>";
		};
/* End PBXVariantGroup section */

/* Begin XCBuildConfiguration section */
		F6EFB441268E01C000586E88 /* Debug */ = {
			isa = XCBuildConfiguration;
			buildSettings = {
				ALWAYS_SEARCH_USER_PATHS = NO;
				CLANG_ANALYZER_NONNULL = YES;
				CLANG_ANALYZER_NUMBER_OBJECT_CONVERSION = YES_AGGRESSIVE;
				CLANG_CXX_LANGUAGE_STANDARD = "gnu++14";
				CLANG_CXX_LIBRARY = "libc++";
				CLANG_ENABLE_MODULES = YES;
				CLANG_ENABLE_OBJC_ARC = YES;
				CLANG_ENABLE_OBJC_WEAK = YES;
				CLANG_WARN_BLOCK_CAPTURE_AUTORELEASING = YES;
				CLANG_WARN_BOOL_CONVERSION = YES;
				CLANG_WARN_COMMA = YES;
				CLANG_WARN_CONSTANT_CONVERSION = YES;
				CLANG_WARN_DEPRECATED_OBJC_IMPLEMENTATIONS = YES;
				CLANG_WARN_DIRECT_OBJC_ISA_USAGE = YES_ERROR;
				CLANG_WARN_DOCUMENTATION_COMMENTS = YES;
				CLANG_WARN_EMPTY_BODY = YES;
				CLANG_WARN_ENUM_CONVERSION = YES;
				CLANG_WARN_INFINITE_RECURSION = YES;
				CLANG_WARN_INT_CONVERSION = YES;
				CLANG_WARN_NON_LITERAL_NULL_CONVERSION = YES;
				CLANG_WARN_OBJC_IMPLICIT_RETAIN_SELF = YES;
				CLANG_WARN_OBJC_LITERAL_CONVERSION = YES;
				CLANG_WARN_OBJC_ROOT_CLASS = YES_ERROR;
				CLANG_WARN_RANGE_LOOP_ANALYSIS = YES;
				CLANG_WARN_STRICT_PROTOTYPES = YES;
				CLANG_WARN_SUSPICIOUS_MOVE = YES;
				CLANG_WARN_UNGUARDED_AVAILABILITY = YES_AGGRESSIVE;
				CLANG_WARN_UNREACHABLE_CODE = YES;
				CLANG_WARN__DUPLICATE_METHOD_MATCH = YES;
				COPY_PHASE_STRIP = NO;
				DEBUG_INFORMATION_FORMAT = dwarf;
				ENABLE_STRICT_OBJC_MSGSEND = YES;
				ENABLE_TESTABILITY = YES;
				GCC_C_LANGUAGE_STANDARD = gnu11;
				GCC_DYNAMIC_NO_PIC = NO;
				GCC_NO_COMMON_BLOCKS = YES;
				GCC_OPTIMIZATION_LEVEL = 0;
				GCC_PREPROCESSOR_DEFINITIONS = (
					"DEBUG=1",
					"$(inherited)",
				);
				GCC_WARN_64_TO_32_BIT_CONVERSION = YES;
				GCC_WARN_ABOUT_RETURN_TYPE = YES_ERROR;
				GCC_WARN_UNDECLARED_SELECTOR = YES;
				GCC_WARN_UNINITIALIZED_AUTOS = YES_AGGRESSIVE;
				GCC_WARN_UNUSED_FUNCTION = YES;
				GCC_WARN_UNUSED_VARIABLE = YES;
				IPHONEOS_DEPLOYMENT_TARGET = 13.4;
				MTL_ENABLE_DEBUG_INFO = INCLUDE_SOURCE;
				MTL_FAST_MATH = YES;
				ONLY_ACTIVE_ARCH = YES;
				SDKROOT = iphoneos;
				SWIFT_ACTIVE_COMPILATION_CONDITIONS = DEBUG;
				SWIFT_OPTIMIZATION_LEVEL = "-Onone";
			};
			name = Debug;
		};
		F6EFB442268E01C000586E88 /* Release */ = {
			isa = XCBuildConfiguration;
			buildSettings = {
				ALWAYS_SEARCH_USER_PATHS = NO;
				CLANG_ANALYZER_NONNULL = YES;
				CLANG_ANALYZER_NUMBER_OBJECT_CONVERSION = YES_AGGRESSIVE;
				CLANG_CXX_LANGUAGE_STANDARD = "gnu++14";
				CLANG_CXX_LIBRARY = "libc++";
				CLANG_ENABLE_MODULES = YES;
				CLANG_ENABLE_OBJC_ARC = YES;
				CLANG_ENABLE_OBJC_WEAK = YES;
				CLANG_WARN_BLOCK_CAPTURE_AUTORELEASING = YES;
				CLANG_WARN_BOOL_CONVERSION = YES;
				CLANG_WARN_COMMA = YES;
				CLANG_WARN_CONSTANT_CONVERSION = YES;
				CLANG_WARN_DEPRECATED_OBJC_IMPLEMENTATIONS = YES;
				CLANG_WARN_DIRECT_OBJC_ISA_USAGE = YES_ERROR;
				CLANG_WARN_DOCUMENTATION_COMMENTS = YES;
				CLANG_WARN_EMPTY_BODY = YES;
				CLANG_WARN_ENUM_CONVERSION = YES;
				CLANG_WARN_INFINITE_RECURSION = YES;
				CLANG_WARN_INT_CONVERSION = YES;
				CLANG_WARN_NON_LITERAL_NULL_CONVERSION = YES;
				CLANG_WARN_OBJC_IMPLICIT_RETAIN_SELF = YES;
				CLANG_WARN_OBJC_LITERAL_CONVERSION = YES;
				CLANG_WARN_OBJC_ROOT_CLASS = YES_ERROR;
				CLANG_WARN_RANGE_LOOP_ANALYSIS = YES;
				CLANG_WARN_STRICT_PROTOTYPES = YES;
				CLANG_WARN_SUSPICIOUS_MOVE = YES;
				CLANG_WARN_UNGUARDED_AVAILABILITY = YES_AGGRESSIVE;
				CLANG_WARN_UNREACHABLE_CODE = YES;
				CLANG_WARN__DUPLICATE_METHOD_MATCH = YES;
				COPY_PHASE_STRIP = NO;
				DEBUG_INFORMATION_FORMAT = "dwarf-with-dsym";
				ENABLE_NS_ASSERTIONS = NO;
				ENABLE_STRICT_OBJC_MSGSEND = YES;
				GCC_C_LANGUAGE_STANDARD = gnu11;
				GCC_NO_COMMON_BLOCKS = YES;
				GCC_WARN_64_TO_32_BIT_CONVERSION = YES;
				GCC_WARN_ABOUT_RETURN_TYPE = YES_ERROR;
				GCC_WARN_UNDECLARED_SELECTOR = YES;
				GCC_WARN_UNINITIALIZED_AUTOS = YES_AGGRESSIVE;
				GCC_WARN_UNUSED_FUNCTION = YES;
				GCC_WARN_UNUSED_VARIABLE = YES;
				IPHONEOS_DEPLOYMENT_TARGET = 13.4;
				MTL_ENABLE_DEBUG_INFO = NO;
				MTL_FAST_MATH = YES;
				SDKROOT = iphoneos;
				SWIFT_COMPILATION_MODE = wholemodule;
				SWIFT_OPTIMIZATION_LEVEL = "-O";
				VALIDATE_PRODUCT = YES;
			};
			name = Release;
		};
		F6EFB444268E01C000586E88 /* Debug */ = {
			isa = XCBuildConfiguration;
			buildSettings = {
				ASSETCATALOG_COMPILER_APPICON_NAME = AppIcon;
				CODE_SIGN_STYLE = Automatic;
				INFOPLIST_FILE = ConMind/Info.plist;
				LD_RUNPATH_SEARCH_PATHS = (
					"$(inherited)",
					"@executable_path/Frameworks",
				);
				PRODUCT_BUNDLE_IDENTIFIER = com.x.ConMind;
				PRODUCT_NAME = "$(TARGET_NAME)";
				SWIFT_VERSION = 5.0;
				TARGETED_DEVICE_FAMILY = "1,2";
			};
			name = Debug;
		};
		F6EFB445268E01C000586E88 /* Release */ = {
			isa = XCBuildConfiguration;
			buildSettings = {
				ASSETCATALOG_COMPILER_APPICON_NAME = AppIcon;
				CODE_SIGN_STYLE = Automatic;
				INFOPLIST_FILE = ConMind/Info.plist;
				LD_RUNPATH_SEARCH_PATHS = (
					"$(inherited)",
					"@executable_path/Frameworks",
				);
				PRODUCT_BUNDLE_IDENTIFIER = com.x.ConMind;
				PRODUCT_NAME = "$(TARGET_NAME)";
				SWIFT_VERSION = 5.0;
				TARGETED_DEVICE_FAMILY = "1,2";
			};
			name = Release;
		};
/* End XCBuildConfiguration section */

/* Begin XCConfigurationList section */
		F6EFB42A268E01B700586E88 /* Build configuration list for PBXProject "ConMind" */ = {
			isa = XCConfigurationList;
			buildConfigurations = (
				F6EFB441268E01C000586E88 /* Debug */,
				F6EFB442268E01C000586E88 /* Release */,
			);
			defaultConfigurationIsVisible = 0;
			defaultConfigurationName = Release;
		};
		F6EFB443268E01C000586E88 /* Build configuration list for PBXNativeTarget "ConMind" */ = {
			isa = XCConfigurationList;
			buildConfigurations = (
				F6EFB444268E01C000586E88 /* Debug */,
				F6EFB445268E01C000586E88 /* Release */,
			);
			defaultConfigurationIsVisible = 0;
			defaultConfigurationName = Release;
		};
/* End XCConfigurationList section */
	};
	rootObject = F6EFB427268E01B700586E88 /* Project object */;
}
